
Microsoft Visual Studio Solution File, Format Version 12.00
# Visual Studio 15
VisualStudioVersion = 15.0.28307.852
MinimumVisualStudioVersion = 10.0.40219.1
Project("{FAE04EC0-301F-11D3-BF4B-00C04F79EFBC}") = "PrestoEngineLib", "PrestoEngineLib\PrestoEngineLib.csproj", "{0B7E205E-4CD3-4EBB-875A-58546CA564B6}"
EndProject
Project("{FAE04EC0-301F-11D3-BF4B-00C04F79EFBC}") = "Engine", "..\EngineLib\Engine\Engine.csproj", "{238F5ADE-5043-4D62-B20A-C464044986B8}"
EndProject
Project("{FAE04EC0-301F-11D3-BF4B-00C04F79EFBC}") = "Engine.Data.MySQL", "..\EngineLib\Engine.Data.MySQL\Engine.Data.MySQL.csproj", "{3B924FC9-3E2B-4E41-BD74-010BBF79DA27}"
EndProject
Project("{FAE04EC0-301F-11D3-BF4B-00C04F79EFBC}") = "Engine.Data.Oracle", "..\EngineLib\Engine.Data.Oracle\Engine.Data.Oracle.csproj", "{6B2C6242-D392-4E53-8467-047158AF93B0}"
EndProject
Project("{FAE04EC0-301F-11D3-BF4B-00C04F79EFBC}") = "Engine.Data.SQLite", "..\EngineLib\Engine.Data.SQLite\Engine.Data.SQLite.csproj", "{11C25948-D416-4E0A-A107-C5B9AE36063B}"
EndProject
Project("{FAE04EC0-301F-11D3-BF4B-00C04F79EFBC}") = "Engine.DotNetZippper", "..\EngineLib\Engine.DotNetZippper\Engine.DotNetZippper.csproj", "{9479AFA9-3152-4CC4-BF65-793E29845192}"
EndProject
Project("{FAE04EC0-301F-11D3-BF4B-00C04F79EFBC}") = "Engine.SharpZipLib", "..\EngineLib\Engine.SharpZipLib\Engine.SharpZipLib.csproj", "{3D77E593-E21D-4923-8A39-E733BC3BA7F8}"
EndProject
Project("{FAE04EC0-301F-11D3-BF4B-00C04F79EFBC}") = "Engine.SevenSharpZip", "..\EngineLib\Engine.SevenSharpZip\Engine.SevenSharpZip.csproj", "{CA07EF5B-5F4F-458F-B79E-2DD316C11C24}"
EndProject
Project("{FAE04EC0-301F-11D3-BF4B-00C04F79EFBC}") = "Engine.SharpPresser", "..\EngineLib\Engine.SharpPresser\Engine.SharpPresser.csproj", "{A6C2CC71-0E14-4BC2-8CCC-FB8289B6EE13}"
EndProject
Project("{FAE04EC0-301F-11D3-BF4B-00C04F79EFBC}") = "Engine.Automation", "..\EngineLib\Engine.Automation\Engine.Automation.csproj", "{149A3868-6837-4BAD-9539-627CF522F1A2}"
EndProject
Global
	GlobalSection(SolutionConfigurationPlatforms) = preSolution
		Debug|Any CPU = Debug|Any CPU
		Release|Any CPU = Release|Any CPU
	EndGlobalSection
	GlobalSection(ProjectConfigurationPlatforms) = postSolution
		{0B7E205E-4CD3-4EBB-875A-58546CA564B6}.Debug|Any CPU.ActiveCfg = Debug|Any CPU
		{0B7E205E-4CD3-4EBB-875A-58546CA564B6}.Debug|Any CPU.Build.0 = Debug|Any CPU
		{0B7E205E-4CD3-4EBB-875A-58546CA564B6}.Release|Any CPU.ActiveCfg = Release|Any CPU
		{0B7E205E-4CD3-4EBB-875A-58546CA564B6}.Release|Any CPU.Build.0 = Release|Any CPU
		{238F5ADE-5043-4D62-B20A-C464044986B8}.Debug|Any CPU.ActiveCfg = Debug|Any CPU
		{238F5ADE-5043-4D62-B20A-C464044986B8}.Debug|Any CPU.Build.0 = Debug|Any CPU
		{238F5ADE-5043-4D62-B20A-C464044986B8}.Release|Any CPU.ActiveCfg = Release|Any CPU
		{238F5ADE-5043-4D62-B20A-C464044986B8}.Release|Any CPU.Build.0 = Release|Any CPU
		{3B924FC9-3E2B-4E41-BD74-010BBF79DA27}.Debug|Any CPU.ActiveCfg = Debug|Any CPU
		{3B924FC9-3E2B-4E41-BD74-010BBF79DA27}.Debug|Any CPU.Build.0 = Debug|Any CPU
		{3B924FC9-3E2B-4E41-BD74-010BBF79DA27}.Release|Any CPU.ActiveCfg = Release|Any CPU
		{3B924FC9-3E2B-4E41-BD74-010BBF79DA27}.Release|Any CPU.Build.0 = Release|Any CPU
		{6B2C6242-D392-4E53-8467-047158AF93B0}.Debug|Any CPU.ActiveCfg = Debug|Any CPU
		{6B2C6242-D392-4E53-8467-047158AF93B0}.Debug|Any CPU.Build.0 = Debug|Any CPU
		{6B2C6242-D392-4E53-8467-047158AF93B0}.Release|Any CPU.ActiveCfg = Release|Any CPU
		{6B2C6242-D392-4E53-8467-047158AF93B0}.Release|Any CPU.Build.0 = Release|Any CPU
		{11C25948-D416-4E0A-A107-C5B9AE36063B}.Debug|Any CPU.ActiveCfg = Debug|Any CPU
		{11C25948-D416-4E0A-A107-C5B9AE36063B}.Debug|Any CPU.Build.0 = Debug|Any CPU
		{11C25948-D416-4E0A-A107-C5B9AE36063B}.Release|Any CPU.ActiveCfg = Release|Any CPU
		{11C25948-D416-4E0A-A107-C5B9AE36063B}.Release|Any CPU.Build.0 = Release|Any CPU
		{9479AFA9-3152-4CC4-BF65-793E29845192}.Debug|Any CPU.ActiveCfg = Debug|Any CPU
		{9479AFA9-3152-4CC4-BF65-793E29845192}.Debug|Any CPU.Build.0 = Debug|Any CPU
		{9479AFA9-3152-4CC4-BF65-793E29845192}.Release|Any CPU.ActiveCfg = Release|Any CPU
		{9479AFA9-3152-4CC4-BF65-793E29845192}.Release|Any CPU.Build.0 = Release|Any CPU
		{3D77E593-E21D-4923-8A39-E733BC3BA7F8}.Debug|Any CPU.ActiveCfg = Debug|Any CPU
		{3D77E593-E21D-4923-8A39-E733BC3BA7F8}.Debug|Any CPU.Build.0 = Debug|Any CPU
		{3D77E593-E21D-4923-8A39-E733BC3BA7F8}.Release|Any CPU.ActiveCfg = Release|Any CPU
		{3D77E593-E21D-4923-8A39-E733BC3BA7F8}.Release|Any CPU.Build.0 = Release|Any CPU
		{CA07EF5B-5F4F-458F-B79E-2DD316C11C24}.Debug|Any CPU.ActiveCfg = Debug|Any CPU
		{CA07EF5B-5F4F-458F-B79E-2DD316C11C24}.Debug|Any CPU.Build.0 = Debug|Any CPU
		{CA07EF5B-5F4F-458F-B79E-2DD316C11C24}.Release|Any CPU.ActiveCfg = Release|Any CPU
		{CA07EF5B-5F4F-458F-B79E-2DD316C11C24}.Release|Any CPU.Build.0 = Release|Any CPU
		{A6C2CC71-0E14-4BC2-8CCC-FB8289B6EE13}.Debug|Any CPU.ActiveCfg = Debug|Any CPU
		{A6C2CC71-0E14-4BC2-8CCC-FB8289B6EE13}.Debug|Any CPU.Build.0 = Debug|Any CPU
		{A6C2CC71-0E14-4BC2-8CCC-FB8289B6EE13}.Release|Any CPU.ActiveCfg = Release|Any CPU
		{A6C2CC71-0E14-4BC2-8CCC-FB8289B6EE13}.Release|Any CPU.Build.0 = Release|Any CPU
		{149A3868-6837-4BAD-9539-627CF522F1A2}.Debug|Any CPU.ActiveCfg = Debug|Any CPU
		{149A3868-6837-4BAD-9539-627CF522F1A2}.Debug|Any CPU.Build.0 = Debug|Any CPU
		{149A3868-6837-4BAD-9539-627CF522F1A2}.Release|Any CPU.ActiveCfg = Release|Any CPU
		{149A3868-6837-4BAD-9539-627CF522F1A2}.Release|Any CPU.Build.0 = Release|Any CPU
	EndGlobalSection
	GlobalSection(SolutionProperties) = preSolution
		HideSolutionNode = FALSE
	EndGlobalSection
	GlobalSection(ExtensibilityGlobals) = postSolution
		SolutionGuid = {202CF7A5-9341-4829-B75F-00807BBEE7E3}
	EndGlobalSection
EndGlobal
